
Microsoft Visual Studio Solution File, Format Version 12.00
# Visual Studio Version 17
VisualStudioVersion = 17.9.34622.214
MinimumVisualStudioVersion = 10.0.40219.1
Project("{FAE04EC0-301F-11D3-BF4B-00C04F79EFBC}") = "CrudAppUsingADO", "CrudAppUsingADO\CrudAppUsingADO.csproj", "{A92A0747-3CAD-493A-BB20-10E8DE0C1B1F}"
EndProject
Global
	GlobalSection(SolutionConfigurationPlatforms) = preSolution
		Debug|Any CPU = Debug|Any CPU
		Release|Any CPU = Release|Any CPU
	EndGlobalSection
	GlobalSection(ProjectConfigurationPlatforms) = postSolution
		{A92A0747-3CAD-493A-BB20-10E8DE0C1B1F}.Debug|Any CPU.ActiveCfg = Debug|Any CPU
		{A92A0747-3CAD-493A-BB20-10E8DE0C1B1F}.Debug|Any CPU.Build.0 = Debug|Any CPU
		{A92A0747-3CAD-493A-BB20-10E8DE0C1B1F}.Release|Any CPU.ActiveCfg = Release|Any CPU
		{A92A0747-3CAD-493A-BB20-10E8DE0C1B1F}.Release|Any CPU.Build.0 = Release|Any CPU
	EndGlobalSection
	GlobalSection(SolutionProperties) = preSolution
		HideSolutionNode = FALSE
	EndGlobalSection
	GlobalSection(ExtensibilityGlobals) = postSolution
		SolutionGuid = {938AAD8C-C4F2-46E7-A556-83565A8EBBF8}
	EndGlobalSection
EndGlobal
